// !$*UTF8*$!
{
	archiveVersion = 1;
	classes = {
	};
	objectVersion = 46;
	objects = {

/* Begin PBXBuildFile section */
		D1107F481DB9394D00C5E12F /* AppDelegate.swift in Sources */ = {isa = PBXBuildFile; fileRef = D1107F471DB9394D00C5E12F /* AppDelegate.swift */; };
		D1107F4A1DB9394D00C5E12F /* ViewController.swift in Sources */ = {isa = PBXBuildFile; fileRef = D1107F491DB9394D00C5E12F /* ViewController.swift */; };
		D1107F4D1DB9394D00C5E12F /* Main.storyboard in Resources */ = {isa = PBXBuildFile; fileRef = D1107F4B1DB9394D00C5E12F /* Main.storyboard */; };
		D1107F4F1DB9394D00C5E12F /* Assets.xcassets in Resources */ = {isa = PBXBuildFile; fileRef = D1107F4E1DB9394D00C5E12F /* Assets.xcassets */; };
		D1107F521DB9394D00C5E12F /* LaunchScreen.storyboard in Resources */ = {isa = PBXBuildFile; fileRef = D1107F501DB9394D00C5E12F /* LaunchScreen.storyboard */; };
		D1107F5A1DB939FF00C5E12F /* PhotoViewController.swift in Sources */ = {isa = PBXBuildFile; fileRef = D1107F591DB939FF00C5E12F /* PhotoViewController.swift */; };
		D1107F5C1DB93D1B00C5E12F /* PhotoTableViewCell.swift in Sources */ = {isa = PBXBuildFile; fileRef = D1107F5B1DB93D1B00C5E12F /* PhotoTableViewCell.swift */; };
/* End PBXBuildFile section */

/* Begin PBXFileReference section */
		D1107F441DB9394D00C5E12F /* MiniFacebook.app */ = {isa = PBXFileReference; explicitFileType = wrapper.application; includeInIndex = 0; path = MiniFacebook.app; sourceTree = BUILT_PRODUCTS_DIR; };
		D1107F471DB9394D00C5E12F /* AppDelegate.swift */ = {isa = PBXFileReference; lastKnownFileType = sourcecode.swift; path = AppDelegate.swift; sourceTree = "<group>"; };
		D1107F491DB9394D00C5E12F /* ViewController.swift */ = {isa = PBXFileReference; lastKnownFileType = sourcecode.swift; path = ViewController.swift; sourceTree = "<group>"; };
		D1107F4C1DB9394D00C5E12F /* Base */ = {isa = PBXFileReference; lastKnownFileType = file.storyboard; name = Base; path = Base.lproj/Main.storyboard; sourceTree = "<group>"; };
		D1107F4E1DB9394D00C5E12F /* Assets.xcassets */ = {isa = PBXFileReference; lastKnownFileType = folder.assetcatalog; path = Assets.xcassets; sourceTree = "<group>"; };
		D1107F511DB9394D00C5E12F /* Base */ = {isa = PBXFileReference; lastKnownFileType = file.storyboard; name = Base; path = Base.lproj/LaunchScreen.storyboard; sourceTree = "<group>"; };
		D1107F531DB9394D00C5E12F /* Info.plist */ = {isa = PBXFileReference; lastKnownFileType = text.plist.xml; path = Info.plist; sourceTree = "<group>"; };
		D1107F591DB939FF00C5E12F /* PhotoViewController.swift */ = {isa = PBXFileReference; fileEncoding = 4; lastKnownFileType = sourcecode.swift; path = PhotoViewController.swift; sourceTree = "<group>"; };
		D1107F5B1DB93D1B00C5E12F /* PhotoTableViewCell.swift */ = {isa = PBXFileReference; fileEncoding = 4; lastKnownFileType = sourcecode.swift; path = PhotoTableViewCell.swift; sourceTree = "<group>"; };
/* End PBXFileReference section */

/* Begin PBXFrameworksBuildPhase section */
		D1107F411DB9394D00C5E12F /* Frameworks */ = {
			isa = PBXFrameworksBuildPhase;
			buildActionMask = 2147483647;
			files = (
			);
			runOnlyForDeploymentPostprocessing = 0;
		};
/* End PBXFrameworksBuildPhase section */

/* Begin PBXGroup section */
		D1107F3B1DB9394D00C5E12F = {
			isa = PBXGroup;
			children = (
				D1107F461DB9394D00C5E12F /* MiniFacebook */,
				D1107F451DB9394D00C5E12F /* Products */,
			);
			sourceTree = "<group>";
		};
		D1107F451DB9394D00C5E12F /* Products */ = {
			isa = PBXGroup;
			children = (
				D1107F441DB9394D00C5E12F /* MiniFacebook.app */,
			);
			name = Products;
			sourceTree = "<group>";
		};
		D1107F461DB9394D00C5E12F /* MiniFacebook */ = {
			isa = PBXGroup;
			children = (
				D1107F471DB9394D00C5E12F /* AppDelegate.swift */,
				D1107F491DB9394D00C5E12F /* ViewController.swift */,
				D1107F4B1DB9394D00C5E12F /* Main.storyboard */,
				D1107F4E1DB9394D00C5E12F /* Assets.xcassets */,
				D1107F501DB9394D00C5E12F /* LaunchScreen.storyboard */,
				D1107F531DB9394D00C5E12F /* Info.plist */,
				D1107F591DB939FF00C5E12F /* PhotoViewController.swift */,
				D1107F5B1DB93D1B00C5E12F /* PhotoTableViewCell.swift */,
			);
			path = MiniFacebook;
			sourceTree = "<group>";
		};
/* End PBXGroup section */

/* Begin PBXNativeTarget section */
		D1107F431DB9394D00C5E12F /* MiniFacebook */ = {
			isa = PBXNativeTarget;
			buildConfigurationList = D1107F561DB9394D00C5E12F /* Build configuration list for PBXNativeTarget "MiniFacebook" */;
			buildPhases = (
				D1107F401DB9394D00C5E12F /* Sources */,
				D1107F411DB9394D00C5E12F /* Frameworks */,
				D1107F421DB9394D00C5E12F /* Resources */,
			);
			buildRules = (
			);
			dependencies = (
			);
			name = MiniFacebook;
			productName = MiniFacebook;
			productReference = D1107F441DB9394D00C5E12F /* MiniFacebook.app */;
			productType = "com.apple.product-type.application";
		};
/* End PBXNativeTarget section */

/* Begin PBXProject section */
		D1107F3C1DB9394D00C5E12F /* Project object */ = {
			isa = PBXProject;
			attributes = {
				LastSwiftUpdateCheck = 0730;
				LastUpgradeCheck = 0730;
				ORGANIZATIONNAME = sang;
				TargetAttributes = {
					D1107F431DB9394D00C5E12F = {
						CreatedOnToolsVersion = 7.3.1;
						DevelopmentTeam = 4W227SQZ26;
					};
				};
			};
			buildConfigurationList = D1107F3F1DB9394D00C5E12F /* Build configuration list for PBXProject "MiniFacebook" */;
			compatibilityVersion = "Xcode 3.2";
			developmentRegion = English;
			hasScannedForEncodings = 0;
			knownRegions = (
				en,
				Base,
			);
			mainGroup = D1107F3B1DB9394D00C5E12F;
			productRefGroup = D1107F451DB9394D00C5E12F /* Products */;
			projectDirPath = "";
			projectRoot = "";
			targets = (
				D1107F431DB9394D00C5E12F /* MiniFacebook */,
			);
		};
/* End PBXProject section */

/* Begin PBXResourcesBuildPhase section */
		D1107F421DB9394D00C5E12F /* Resources */ = {
			isa = PBXResourcesBuildPhase;
			buildActionMask = 2147483647;
			files = (
				D1107F521DB9394D00C5E12F /* LaunchScreen.storyboard in Resources */,
				D1107F4F1DB9394D00C5E12F /* Assets.xcassets in Resources */,
				D1107F4D1DB9394D00C5E12F /* Main.storyboard in Resources */,
			);
			runOnlyForDeploymentPostprocessing = 0;
		};
/* End PBXResourcesBuildPhase section */

/* Begin PBXSourcesBuildPhase section */
		D1107F401DB9394D00C5E12F /* Sources */ = {
			isa = PBXSourcesBuildPhase;
			buildActionMask = 2147483647;
			files = (
				D1107F5C1DB93D1B00C5E12F /* PhotoTableViewCell.swift in Sources */,
				D1107F4A1DB9394D00C5E12F /* ViewController.swift in Sources */,
				D1107F481DB9394D00C5E12F /* AppDelegate.swift in Sources */,
				D1107F5A1DB939FF00C5E12F /* PhotoViewController.swift in Sources */,
			);
			runOnlyForDeploymentPostprocessing = 0;
		};
/* End PBXSourcesBuildPhase section */

/* Begin PBXVariantGroup section */
		D1107F4B1DB9394D00C5E12F /* Main.storyboard */ = {
			isa = PBXVariantGroup;
			children = (
				D1107F4C1DB9394D00C5E12F /* Base */,
			);
			name = Main.storyboard;
			sourceTree = "<group>";
		};
		D1107F501DB9394D00C5E12F /* LaunchScreen.storyboard */ = {
			isa = PBXVariantGroup;
			children = (
				D1107F511DB9394D00C5E12F /* Base */,
			);
			name = LaunchScreen.storyboard;
			sourceTree = "<group>";
		};
/* End PBXVariantGroup section */

/* Begin XCBuildConfiguration section */
		D1107F541DB9394D00C5E12F /* Debug */ = {
			isa = XCBuildConfiguration;
			buildSettings = {
				ALWAYS_SEARCH_USER_PATHS = NO;
				CLANG_ANALYZER_NONNULL = YES;
				CLANG_CXX_LANGUAGE_STANDARD = "gnu++0x";
				CLANG_CXX_LIBRARY = "libc++";
				CLANG_ENABLE_MODULES = YES;
				CLANG_ENABLE_OBJC_ARC = YES;
				CLANG_WARN_BOOL_CONVERSION = YES;
				CLANG_WARN_CONSTANT_CONVERSION = YES;
				CLANG_WARN_DIRECT_OBJC_ISA_USAGE = YES_ERROR;
				CLANG_WARN_EMPTY_BODY = YES;
				CLANG_WARN_ENUM_CONVERSION = YES;
				CLANG_WARN_INT_CONVERSION = YES;
				CLANG_WARN_OBJC_ROOT_CLASS = YES_ERROR;
				CLANG_WARN_UNREACHABLE_CODE = YES;
				CLANG_WARN__DUPLICATE_METHOD_MATCH = YES;
				"CODE_SIGN_IDENTITY[sdk=iphoneos*]" = "iPhone Developer";
				COPY_PHASE_STRIP = NO;
				DEBUG_INFORMATION_FORMAT = dwarf;
				ENABLE_STRICT_OBJC_MSGSEND = YES;
				ENABLE_TESTABILITY = YES;
				GCC_C_LANGUAGE_STANDARD = gnu99;
				GCC_DYNAMIC_NO_PIC = NO;
				GCC_NO_COMMON_BLOCKS = YES;
				GCC_OPTIMIZATION_LEVEL = 0;
				GCC_PREPROCESSOR_DEFINITIONS = (
					"DEBUG=1",
					"$(inherited)",
				);
				GCC_WARN_64_TO_32_BIT_CONVERSION = YES;
				GCC_WARN_ABOUT_RETURN_TYPE = YES_ERROR;
				GCC_WARN_UNDECLARED_SELECTOR = YES;
				GCC_WARN_UNINITIALIZED_AUTOS = YES_AGGRESSIVE;
				GCC_WARN_UNUSED_FUNCTION = YES;
				GCC_WARN_UNUSED_VARIABLE = YES;
				IPHONEOS_DEPLOYMENT_TARGET = 9.3;
				MTL_ENABLE_DEBUG_INFO = YES;
				ONLY_ACTIVE_ARCH = YES;
				SDKROOT = iphoneos;
				SWIFT_OPTIMIZATION_LEVEL = "-Onone";
			};
			name = Debug;
		};
		D1107F551DB9394D00C5E12F /* Release */ = {
			isa = XCBuildConfiguration;
			buildSettings = {
				ALWAYS_SEARCH_USER_PATHS = NO;
				CLANG_ANALYZER_NONNULL = YES;
				CLANG_CXX_LANGUAGE_STANDARD = "gnu++0x";
				CLANG_CXX_LIBRARY = "libc++";
				CLANG_ENABLE_MODULES = YES;
				CLANG_ENABLE_OBJC_ARC = YES;
				CLANG_WARN_BOOL_CONVERSION = YES;
				CLANG_WARN_CONSTANT_CONVERSION = YES;
				CLANG_WARN_DIRECT_OBJC_ISA_USAGE = YES_ERROR;
				CLANG_WARN_EMPTY_BODY = YES;
				CLANG_WARN_ENUM_CONVERSION = YES;
				CLANG_WARN_INT_CONVERSION = YES;
				CLANG_WARN_OBJC_ROOT_CLASS = YES_ERROR;
				CLANG_WARN_UNREACHABLE_CODE = YES;
				CLANG_WARN__DUPLICATE_METHOD_MATCH = YES;
				"CODE_SIGN_IDENTITY[sdk=iphoneos*]" = "iPhone Developer";
				COPY_PHASE_STRIP = NO;
				DEBUG_INFORMATION_FORMAT = "dwarf-with-dsym";
				ENABLE_NS_ASSERTIONS = NO;
				ENABLE_STRICT_OBJC_MSGSEND = YES;
				GCC_C_LANGUAGE_STANDARD = gnu99;
				GCC_NO_COMMON_BLOCKS = YES;
				GCC_WARN_64_TO_32_BIT_CONVERSION = YES;
				GCC_WARN_ABOUT_RETURN_TYPE = YES_ERROR;
				GCC_WARN_UNDECLARED_SELECTOR = YES;
				GCC_WARN_UNINITIALIZED_AUTOS = YES_AGGRESSIVE;
				GCC_WARN_UNUSED_FUNCTION = YES;
				GCC_WARN_UNUSED_VARIABLE = YES;
				IPHONEOS_DEPLOYMENT_TARGET = 9.3;
				MTL_ENABLE_DEBUG_INFO = NO;
				SDKROOT = iphoneos;
				VALIDATE_PRODUCT = YES;
			};
			name = Release;
		};
		D1107F571DB9394D00C5E12F /* Debug */ = {
			isa = XCBuildConfiguration;
			buildSettings = {
				ASSETCATALOG_COMPILER_APPICON_NAME = AppIcon;
				INFOPLIST_FILE = MiniFacebook/Info.plist;
				LD_RUNPATH_SEARCH_PATHS = "$(inherited) @executable_path/Frameworks";
				PRODUCT_BUNDLE_IDENTIFIER = com.sang.MiniFacebook;
				PRODUCT_NAME = "$(TARGET_NAME)";
			};
			name = Debug;
		};
		D1107F581DB9394D00C5E12F /* Release */ = {
			isa = XCBuildConfiguration;
			buildSettings = {
				ASSETCATALOG_COMPILER_APPICON_NAME = AppIcon;
				INFOPLIST_FILE = MiniFacebook/Info.plist;
				LD_RUNPATH_SEARCH_PATHS = "$(inherited) @executable_path/Frameworks";
				PRODUCT_BUNDLE_IDENTIFIER = com.sang.MiniFacebook;
				PRODUCT_NAME = "$(TARGET_NAME)";
			};
			name = Release;
		};
/* End XCBuildConfiguration section */

/* Begin XCConfigurationList section */
		D1107F3F1DB9394D00C5E12F /* Build configuration list for PBXProject "MiniFacebook" */ = {
			isa = XCConfigurationList;
			buildConfigurations = (
				D1107F541DB9394D00C5E12F /* Debug */,
				D1107F551DB9394D00C5E12F /* Release */,
			);
			defaultConfigurationIsVisible = 0;
			defaultConfigurationName = Release;
		};
		D1107F561DB9394D00C5E12F /* Build configuration list for PBXNativeTarget "MiniFacebook" */ = {
			isa = XCConfigurationList;
			buildConfigurations = (
				D1107F571DB9394D00C5E12F /* Debug */,
				D1107F581DB9394D00C5E12F /* Release */,
			);
			defaultConfigurationIsVisible = 0;
		};
/* End XCConfigurationList section */
	};
	rootObject = D1107F3C1DB9394D00C5E12F /* Project object */;
}
