// !$*UTF8*$!
{
	archiveVersion = 1;
	classes = {
	};
	objectVersion = 46;
	objects = {

/* Begin PBXBuildFile section */
		D12C887E1E343E9200AA6141 /* RCCalendarViewTests.swift in Sources */ = {isa = PBXBuildFile; fileRef = D12C887D1E343E9200AA6141 /* RCCalendarViewTests.swift */; };
		D14D40C71E396B6B000C4011 /* CalendarCollectionViewCell.swift in Sources */ = {isa = PBXBuildFile; fileRef = D14D40C61E396B6B000C4011 /* CalendarCollectionViewCell.swift */; };
		D1FEFA531E2F3B6A0009D9A3 /* AppDelegate.swift in Sources */ = {isa = PBXBuildFile; fileRef = D1FEFA521E2F3B6A0009D9A3 /* AppDelegate.swift */; };
		D1FEFA551E2F3B6A0009D9A3 /* ViewController.swift in Sources */ = {isa = PBXBuildFile; fileRef = D1FEFA541E2F3B6A0009D9A3 /* ViewController.swift */; };
		D1FEFA581E2F3B6A0009D9A3 /* Main.storyboard in Resources */ = {isa = PBXBuildFile; fileRef = D1FEFA561E2F3B6A0009D9A3 /* Main.storyboard */; };
		D1FEFA5A1E2F3B6A0009D9A3 /* Assets.xcassets in Resources */ = {isa = PBXBuildFile; fileRef = D1FEFA591E2F3B6A0009D9A3 /* Assets.xcassets */; };
		D1FEFA5D1E2F3B6A0009D9A3 /* LaunchScreen.storyboard in Resources */ = {isa = PBXBuildFile; fileRef = D1FEFA5B1E2F3B6A0009D9A3 /* LaunchScreen.storyboard */; };
/* End PBXBuildFile section */

/* Begin PBXContainerItemProxy section */
		D12C88801E343E9200AA6141 /* PBXContainerItemProxy */ = {
			isa = PBXContainerItemProxy;
			containerPortal = D1FEFA471E2F3B6A0009D9A3 /* Project object */;
			proxyType = 1;
			remoteGlobalIDString = D1FEFA4E1E2F3B6A0009D9A3;
			remoteInfo = RCCalendarView;
		};
/* End PBXContainerItemProxy section */

/* Begin PBXFileReference section */
		D12C887B1E343E9200AA6141 /* RCCalendarViewTests.xctest */ = {isa = PBXFileReference; explicitFileType = wrapper.cfbundle; includeInIndex = 0; path = RCCalendarViewTests.xctest; sourceTree = BUILT_PRODUCTS_DIR; };
		D12C887D1E343E9200AA6141 /* RCCalendarViewTests.swift */ = {isa = PBXFileReference; lastKnownFileType = sourcecode.swift; path = RCCalendarViewTests.swift; sourceTree = "<group>"; };
		D12C887F1E343E9200AA6141 /* Info.plist */ = {isa = PBXFileReference; lastKnownFileType = text.plist.xml; path = Info.plist; sourceTree = "<group>"; };
		D14D40C61E396B6B000C4011 /* CalendarCollectionViewCell.swift */ = {isa = PBXFileReference; fileEncoding = 4; lastKnownFileType = sourcecode.swift; path = CalendarCollectionViewCell.swift; sourceTree = "<group>"; };
		D1FEFA4F1E2F3B6A0009D9A3 /* RCCalendarView.app */ = {isa = PBXFileReference; explicitFileType = wrapper.application; includeInIndex = 0; path = RCCalendarView.app; sourceTree = BUILT_PRODUCTS_DIR; };
		D1FEFA521E2F3B6A0009D9A3 /* AppDelegate.swift */ = {isa = PBXFileReference; lastKnownFileType = sourcecode.swift; path = AppDelegate.swift; sourceTree = "<group>"; };
		D1FEFA541E2F3B6A0009D9A3 /* ViewController.swift */ = {isa = PBXFileReference; lastKnownFileType = sourcecode.swift; path = ViewController.swift; sourceTree = "<group>"; };
		D1FEFA571E2F3B6A0009D9A3 /* Base */ = {isa = PBXFileReference; lastKnownFileType = file.storyboard; name = Base; path = Base.lproj/Main.storyboard; sourceTree = "<group>"; };
		D1FEFA591E2F3B6A0009D9A3 /* Assets.xcassets */ = {isa = PBXFileReference; lastKnownFileType = folder.assetcatalog; path = Assets.xcassets; sourceTree = "<group>"; };
		D1FEFA5C1E2F3B6A0009D9A3 /* Base */ = {isa = PBXFileReference; lastKnownFileType = file.storyboard; name = Base; path = Base.lproj/LaunchScreen.storyboard; sourceTree = "<group>"; };
		D1FEFA5E1E2F3B6A0009D9A3 /* Info.plist */ = {isa = PBXFileReference; lastKnownFileType = text.plist.xml; path = Info.plist; sourceTree = "<group>"; };
/* End PBXFileReference section */

/* Begin PBXFrameworksBuildPhase section */
		D12C88781E343E9200AA6141 /* Frameworks */ = {
			isa = PBXFrameworksBuildPhase;
			buildActionMask = 2147483647;
			files = (
			);
			runOnlyForDeploymentPostprocessing = 0;
		};
		D1FEFA4C1E2F3B6A0009D9A3 /* Frameworks */ = {
			isa = PBXFrameworksBuildPhase;
			buildActionMask = 2147483647;
			files = (
			);
			runOnlyForDeploymentPostprocessing = 0;
		};
/* End PBXFrameworksBuildPhase section */

/* Begin PBXGroup section */
		D12C887C1E343E9200AA6141 /* RCCalendarViewTests */ = {
			isa = PBXGroup;
			children = (
				D12C887D1E343E9200AA6141 /* RCCalendarViewTests.swift */,
				D12C887F1E343E9200AA6141 /* Info.plist */,
			);
			path = RCCalendarViewTests;
			sourceTree = "<group>";
		};
		D1FEFA461E2F3B6A0009D9A3 = {
			isa = PBXGroup;
			children = (
				D1FEFA511E2F3B6A0009D9A3 /* RCCalendarView */,
				D12C887C1E343E9200AA6141 /* RCCalendarViewTests */,
				D1FEFA501E2F3B6A0009D9A3 /* Products */,
			);
			sourceTree = "<group>";
		};
		D1FEFA501E2F3B6A0009D9A3 /* Products */ = {
			isa = PBXGroup;
			children = (
				D1FEFA4F1E2F3B6A0009D9A3 /* RCCalendarView.app */,
				D12C887B1E343E9200AA6141 /* RCCalendarViewTests.xctest */,
			);
			name = Products;
			sourceTree = "<group>";
		};
		D1FEFA511E2F3B6A0009D9A3 /* RCCalendarView */ = {
			isa = PBXGroup;
			children = (
				D1FEFA521E2F3B6A0009D9A3 /* AppDelegate.swift */,
				D14D40C61E396B6B000C4011 /* CalendarCollectionViewCell.swift */,
				D1FEFA541E2F3B6A0009D9A3 /* ViewController.swift */,
				D1FEFA561E2F3B6A0009D9A3 /* Main.storyboard */,
				D1FEFA591E2F3B6A0009D9A3 /* Assets.xcassets */,
				D1FEFA5B1E2F3B6A0009D9A3 /* LaunchScreen.storyboard */,
				D1FEFA5E1E2F3B6A0009D9A3 /* Info.plist */,
			);
			path = RCCalendarView;
			sourceTree = "<group>";
		};
/* End PBXGroup section */

/* Begin PBXNativeTarget section */
		D12C887A1E343E9200AA6141 /* RCCalendarViewTests */ = {
			isa = PBXNativeTarget;
			buildConfigurationList = D12C88821E343E9200AA6141 /* Build configuration list for PBXNativeTarget "RCCalendarViewTests" */;
			buildPhases = (
				D12C88771E343E9200AA6141 /* Sources */,
				D12C88781E343E9200AA6141 /* Frameworks */,
				D12C88791E343E9200AA6141 /* Resources */,
			);
			buildRules = (
			);
			dependencies = (
				D12C88811E343E9200AA6141 /* PBXTargetDependency */,
			);
			name = RCCalendarViewTests;
			productName = RCCalendarViewTests;
			productReference = D12C887B1E343E9200AA6141 /* RCCalendarViewTests.xctest */;
			productType = "com.apple.product-type.bundle.unit-test";
		};
		D1FEFA4E1E2F3B6A0009D9A3 /* RCCalendarView */ = {
			isa = PBXNativeTarget;
			buildConfigurationList = D1FEFA611E2F3B6A0009D9A3 /* Build configuration list for PBXNativeTarget "RCCalendarView" */;
			buildPhases = (
				D1FEFA4B1E2F3B6A0009D9A3 /* Sources */,
				D1FEFA4C1E2F3B6A0009D9A3 /* Frameworks */,
				D1FEFA4D1E2F3B6A0009D9A3 /* Resources */,
			);
			buildRules = (
			);
			dependencies = (
			);
			name = RCCalendarView;
			productName = RCCalendarView;
			productReference = D1FEFA4F1E2F3B6A0009D9A3 /* RCCalendarView.app */;
			productType = "com.apple.product-type.application";
		};
/* End PBXNativeTarget section */

/* Begin PBXProject section */
		D1FEFA471E2F3B6A0009D9A3 /* Project object */ = {
			isa = PBXProject;
			attributes = {
				LastSwiftUpdateCheck = 0820;
				LastUpgradeCheck = 0820;
				ORGANIZATIONNAME = sang;
				TargetAttributes = {
					D12C887A1E343E9200AA6141 = {
						CreatedOnToolsVersion = 8.2.1;
						DevelopmentTeam = 4W227SQZ26;
						ProvisioningStyle = Automatic;
						TestTargetID = D1FEFA4E1E2F3B6A0009D9A3;
					};
					D1FEFA4E1E2F3B6A0009D9A3 = {
						CreatedOnToolsVersion = 8.2.1;
						DevelopmentTeam = 4W227SQZ26;
						ProvisioningStyle = Automatic;
					};
				};
			};
			buildConfigurationList = D1FEFA4A1E2F3B6A0009D9A3 /* Build configuration list for PBXProject "RCCalendarView" */;
			compatibilityVersion = "Xcode 3.2";
			developmentRegion = English;
			hasScannedForEncodings = 0;
			knownRegions = (
				en,
				Base,
			);
			mainGroup = D1FEFA461E2F3B6A0009D9A3;
			productRefGroup = D1FEFA501E2F3B6A0009D9A3 /* Products */;
			projectDirPath = "";
			projectRoot = "";
			targets = (
				D1FEFA4E1E2F3B6A0009D9A3 /* RCCalendarView */,
				D12C887A1E343E9200AA6141 /* RCCalendarViewTests */,
			);
		};
/* End PBXProject section */

/* Begin PBXResourcesBuildPhase section */
		D12C88791E343E9200AA6141 /* Resources */ = {
			isa = PBXResourcesBuildPhase;
			buildActionMask = 2147483647;
			files = (
			);
			runOnlyForDeploymentPostprocessing = 0;
		};
		D1FEFA4D1E2F3B6A0009D9A3 /* Resources */ = {
			isa = PBXResourcesBuildPhase;
			buildActionMask = 2147483647;
			files = (
				D1FEFA5D1E2F3B6A0009D9A3 /* LaunchScreen.storyboard in Resources */,
				D1FEFA5A1E2F3B6A0009D9A3 /* Assets.xcassets in Resources */,
				D1FEFA581E2F3B6A0009D9A3 /* Main.storyboard in Resources */,
			);
			runOnlyForDeploymentPostprocessing = 0;
		};
/* End PBXResourcesBuildPhase section */

/* Begin PBXSourcesBuildPhase section */
		D12C88771E343E9200AA6141 /* Sources */ = {
			isa = PBXSourcesBuildPhase;
			buildActionMask = 2147483647;
			files = (
				D12C887E1E343E9200AA6141 /* RCCalendarViewTests.swift in Sources */,
			);
			runOnlyForDeploymentPostprocessing = 0;
		};
		D1FEFA4B1E2F3B6A0009D9A3 /* Sources */ = {
			isa = PBXSourcesBuildPhase;
			buildActionMask = 2147483647;
			files = (
				D14D40C71E396B6B000C4011 /* CalendarCollectionViewCell.swift in Sources */,
				D1FEFA551E2F3B6A0009D9A3 /* ViewController.swift in Sources */,
				D1FEFA531E2F3B6A0009D9A3 /* AppDelegate.swift in Sources */,
			);
			runOnlyForDeploymentPostprocessing = 0;
		};
/* End PBXSourcesBuildPhase section */

/* Begin PBXTargetDependency section */
		D12C88811E343E9200AA6141 /* PBXTargetDependency */ = {
			isa = PBXTargetDependency;
			target = D1FEFA4E1E2F3B6A0009D9A3 /* RCCalendarView */;
			targetProxy = D12C88801E343E9200AA6141 /* PBXContainerItemProxy */;
		};
/* End PBXTargetDependency section */

/* Begin PBXVariantGroup section */
		D1FEFA561E2F3B6A0009D9A3 /* Main.storyboard */ = {
			isa = PBXVariantGroup;
			children = (
				D1FEFA571E2F3B6A0009D9A3 /* Base */,
			);
			name = Main.storyboard;
			sourceTree = "<group>";
		};
		D1FEFA5B1E2F3B6A0009D9A3 /* LaunchScreen.storyboard */ = {
			isa = PBXVariantGroup;
			children = (
				D1FEFA5C1E2F3B6A0009D9A3 /* Base */,
			);
			name = LaunchScreen.storyboard;
			sourceTree = "<group>";
		};
/* End PBXVariantGroup section */

/* Begin XCBuildConfiguration section */
		D12C88831E343E9200AA6141 /* Debug */ = {
			isa = XCBuildConfiguration;
			buildSettings = {
				BUNDLE_LOADER = "$(TEST_HOST)";
				DEVELOPMENT_TEAM = 4W227SQZ26;
				INFOPLIST_FILE = RCCalendarViewTests/Info.plist;
				LD_RUNPATH_SEARCH_PATHS = "$(inherited) @executable_path/Frameworks @loader_path/Frameworks";
				PRODUCT_BUNDLE_IDENTIFIER = com.sang.RCCalendarViewTests;
				PRODUCT_NAME = "$(TARGET_NAME)";
				SWIFT_VERSION = 3.0;
				TEST_HOST = "$(BUILT_PRODUCTS_DIR)/RCCalendarView.app/RCCalendarView";
			};
			name = Debug;
		};
		D12C88841E343E9200AA6141 /* Release */ = {
			isa = XCBuildConfiguration;
			buildSettings = {
				BUNDLE_LOADER = "$(TEST_HOST)";
				DEVELOPMENT_TEAM = 4W227SQZ26;
				INFOPLIST_FILE = RCCalendarViewTests/Info.plist;
				LD_RUNPATH_SEARCH_PATHS = "$(inherited) @executable_path/Frameworks @loader_path/Frameworks";
				PRODUCT_BUNDLE_IDENTIFIER = com.sang.RCCalendarViewTests;
				PRODUCT_NAME = "$(TARGET_NAME)";
				SWIFT_VERSION = 3.0;
				TEST_HOST = "$(BUILT_PRODUCTS_DIR)/RCCalendarView.app/RCCalendarView";
			};
			name = Release;
		};
		D1FEFA5F1E2F3B6A0009D9A3 /* Debug */ = {
			isa = XCBuildConfiguration;
			buildSettings = {
				ALWAYS_SEARCH_USER_PATHS = NO;
				CLANG_ANALYZER_NONNULL = YES;
				CLANG_CXX_LANGUAGE_STANDARD = "gnu++0x";
				CLANG_CXX_LIBRARY = "libc++";
				CLANG_ENABLE_MODULES = YES;
				CLANG_ENABLE_OBJC_ARC = YES;
				CLANG_WARN_BOOL_CONVERSION = YES;
				CLANG_WARN_CONSTANT_CONVERSION = YES;
				CLANG_WARN_DIRECT_OBJC_ISA_USAGE = YES_ERROR;
				CLANG_WARN_DOCUMENTATION_COMMENTS = YES;
				CLANG_WARN_EMPTY_BODY = YES;
				CLANG_WARN_ENUM_CONVERSION = YES;
				CLANG_WARN_INFINITE_RECURSION = YES;
				CLANG_WARN_INT_CONVERSION = YES;
				CLANG_WARN_OBJC_ROOT_CLASS = YES_ERROR;
				CLANG_WARN_SUSPICIOUS_MOVE = YES;
				CLANG_WARN_UNREACHABLE_CODE = YES;
				CLANG_WARN__DUPLICATE_METHOD_MATCH = YES;
				"CODE_SIGN_IDENTITY[sdk=iphoneos*]" = "iPhone Developer";
				COPY_PHASE_STRIP = NO;
				DEBUG_INFORMATION_FORMAT = dwarf;
				ENABLE_STRICT_OBJC_MSGSEND = YES;
				ENABLE_TESTABILITY = YES;
				GCC_C_LANGUAGE_STANDARD = gnu99;
				GCC_DYNAMIC_NO_PIC = NO;
				GCC_NO_COMMON_BLOCKS = YES;
				GCC_OPTIMIZATION_LEVEL = 0;
				GCC_PREPROCESSOR_DEFINITIONS = (
					"DEBUG=1",
					"$(inherited)",
				);
				GCC_WARN_64_TO_32_BIT_CONVERSION = YES;
				GCC_WARN_ABOUT_RETURN_TYPE = YES_ERROR;
				GCC_WARN_UNDECLARED_SELECTOR = YES;
				GCC_WARN_UNINITIALIZED_AUTOS = YES_AGGRESSIVE;
				GCC_WARN_UNUSED_FUNCTION = YES;
				GCC_WARN_UNUSED_VARIABLE = YES;
				IPHONEOS_DEPLOYMENT_TARGET = 10.2;
				MTL_ENABLE_DEBUG_INFO = YES;
				ONLY_ACTIVE_ARCH = YES;
				SDKROOT = iphoneos;
				SWIFT_ACTIVE_COMPILATION_CONDITIONS = DEBUG;
				SWIFT_OPTIMIZATION_LEVEL = "-Onone";
				TARGETED_DEVICE_FAMILY = "1,2";
			};
			name = Debug;
		};
		D1FEFA601E2F3B6A0009D9A3 /* Release */ = {
			isa = XCBuildConfiguration;
			buildSettings = {
				ALWAYS_SEARCH_USER_PATHS = NO;
				CLANG_ANALYZER_NONNULL = YES;
				CLANG_CXX_LANGUAGE_STANDARD = "gnu++0x";
				CLANG_CXX_LIBRARY = "libc++";
				CLANG_ENABLE_MODULES = YES;
				CLANG_ENABLE_OBJC_ARC = YES;
				CLANG_WARN_BOOL_CONVERSION = YES;
				CLANG_WARN_CONSTANT_CONVERSION = YES;
				CLANG_WARN_DIRECT_OBJC_ISA_USAGE = YES_ERROR;
				CLANG_WARN_DOCUMENTATION_COMMENTS = YES;
				CLANG_WARN_EMPTY_BODY = YES;
				CLANG_WARN_ENUM_CONVERSION = YES;
				CLANG_WARN_INFINITE_RECURSION = YES;
				CLANG_WARN_INT_CONVERSION = YES;
				CLANG_WARN_OBJC_ROOT_CLASS = YES_ERROR;
				CLANG_WARN_SUSPICIOUS_MOVE = YES;
				CLANG_WARN_UNREACHABLE_CODE = YES;
				CLANG_WARN__DUPLICATE_METHOD_MATCH = YES;
				"CODE_SIGN_IDENTITY[sdk=iphoneos*]" = "iPhone Developer";
				COPY_PHASE_STRIP = NO;
				DEBUG_INFORMATION_FORMAT = "dwarf-with-dsym";
				ENABLE_NS_ASSERTIONS = NO;
				ENABLE_STRICT_OBJC_MSGSEND = YES;
				GCC_C_LANGUAGE_STANDARD = gnu99;
				GCC_NO_COMMON_BLOCKS = YES;
				GCC_WARN_64_TO_32_BIT_CONVERSION = YES;
				GCC_WARN_ABOUT_RETURN_TYPE = YES_ERROR;
				GCC_WARN_UNDECLARED_SELECTOR = YES;
				GCC_WARN_UNINITIALIZED_AUTOS = YES_AGGRESSIVE;
				GCC_WARN_UNUSED_FUNCTION = YES;
				GCC_WARN_UNUSED_VARIABLE = YES;
				IPHONEOS_DEPLOYMENT_TARGET = 10.2;
				MTL_ENABLE_DEBUG_INFO = NO;
				SDKROOT = iphoneos;
				SWIFT_OPTIMIZATION_LEVEL = "-Owholemodule";
				TARGETED_DEVICE_FAMILY = "1,2";
				VALIDATE_PRODUCT = YES;
			};
			name = Release;
		};
		D1FEFA621E2F3B6A0009D9A3 /* Debug */ = {
			isa = XCBuildConfiguration;
			buildSettings = {
				ASSETCATALOG_COMPILER_APPICON_NAME = AppIcon;
				DEVELOPMENT_TEAM = 4W227SQZ26;
				INFOPLIST_FILE = RCCalendarView/Info.plist;
				LD_RUNPATH_SEARCH_PATHS = "$(inherited) @executable_path/Frameworks";
				PRODUCT_BUNDLE_IDENTIFIER = com.sang.RCCalendarView;
				PRODUCT_NAME = "$(TARGET_NAME)";
				SWIFT_VERSION = 3.0;
			};
			name = Debug;
		};
		D1FEFA631E2F3B6A0009D9A3 /* Release */ = {
			isa = XCBuildConfiguration;
			buildSettings = {
				ASSETCATALOG_COMPILER_APPICON_NAME = AppIcon;
				DEVELOPMENT_TEAM = 4W227SQZ26;
				INFOPLIST_FILE = RCCalendarView/Info.plist;
				LD_RUNPATH_SEARCH_PATHS = "$(inherited) @executable_path/Frameworks";
				PRODUCT_BUNDLE_IDENTIFIER = com.sang.RCCalendarView;
				PRODUCT_NAME = "$(TARGET_NAME)";
				SWIFT_VERSION = 3.0;
			};
			name = Release;
		};
/* End XCBuildConfiguration section */

/* Begin XCConfigurationList section */
		D12C88821E343E9200AA6141 /* Build configuration list for PBXNativeTarget "RCCalendarViewTests" */ = {
			isa = XCConfigurationList;
			buildConfigurations = (
				D12C88831E343E9200AA6141 /* Debug */,
				D12C88841E343E9200AA6141 /* Release */,
			);
			defaultConfigurationIsVisible = 0;
			defaultConfigurationName = Release;
		};
		D1FEFA4A1E2F3B6A0009D9A3 /* Build configuration list for PBXProject "RCCalendarView" */ = {
			isa = XCConfigurationList;
			buildConfigurations = (
				D1FEFA5F1E2F3B6A0009D9A3 /* Debug */,
				D1FEFA601E2F3B6A0009D9A3 /* Release */,
			);
			defaultConfigurationIsVisible = 0;
			defaultConfigurationName = Release;
		};
		D1FEFA611E2F3B6A0009D9A3 /* Build configuration list for PBXNativeTarget "RCCalendarView" */ = {
			isa = XCConfigurationList;
			buildConfigurations = (
				D1FEFA621E2F3B6A0009D9A3 /* Debug */,
				D1FEFA631E2F3B6A0009D9A3 /* Release */,
			);
			defaultConfigurationIsVisible = 0;
			defaultConfigurationName = Release;
		};
/* End XCConfigurationList section */
	};
	rootObject = D1FEFA471E2F3B6A0009D9A3 /* Project object */;
}
